
Microsoft Visual Studio Solution File, Format Version 12.00
# Visual Studio Version 17
VisualStudioVersion = 17.0.31903.59
MinimumVisualStudioVersion = 10.0.40219.1
Project("{FAE04EC0-301F-11D3-BF4B-00C04F79EFBC}") = "Kiroku.API", "Kiroku.API\Kiroku.API.csproj", "{C409FF40-7E1F-409E-AD96-4253510ABAE8}"
EndProject
Project("{FAE04EC0-301F-11D3-BF4B-00C04F79EFBC}") = "Kiroku.Application", "Kiroku.Application\Kiroku.Application.csproj", "{AA5D4F65-0F3E-4DBE-BFAC-050DBEA5447E}"
EndProject
Project("{FAE04EC0-301F-11D3-BF4B-00C04F79EFBC}") = "Kiroku.Domain", "Kiroku.Domain\Kiroku.Domain.csproj", "{AE89F308-F669-4882-9F71-429E64105D22}"
EndProject
Project("{FAE04EC0-301F-11D3-BF4B-00C04F79EFBC}") = "Kiroku.Infrastructure", "Kiroku.Infrastructure\Kiroku.Infrastructure.csproj", "{CBFF4051-4DB4-4548-B2E8-2866B9D30886}"
EndProject
Project("{FAE04EC0-301F-11D3-BF4B-00C04F79EFBC}") = "Kiroku.Data", "Kiroku.Data\Kiroku.Data.csproj", "{890FDAEC-5C6F-4DA1-9D5F-DC15D0DD9522}"
EndProject
Project("{2150E333-8FDC-42A3-9474-1A3956D46DE8}") = "Solution Items", "Solution Items", "{BB4388B3-54AA-4F8B-A82F-A59BEADE42AC}"
	ProjectSection(SolutionItems) = preProject
		.editorconfig = .editorconfig
	EndProjectSection
EndProject
Global
	GlobalSection(SolutionConfigurationPlatforms) = preSolution
		Debug|Any CPU = Debug|Any CPU
		Release|Any CPU = Release|Any CPU
	EndGlobalSection
	GlobalSection(ProjectConfigurationPlatforms) = postSolution
		{C409FF40-7E1F-409E-AD96-4253510ABAE8}.Debug|Any CPU.ActiveCfg = Debug|Any CPU
		{C409FF40-7E1F-409E-AD96-4253510ABAE8}.Debug|Any CPU.Build.0 = Debug|Any CPU
		{C409FF40-7E1F-409E-AD96-4253510ABAE8}.Release|Any CPU.ActiveCfg = Release|Any CPU
		{C409FF40-7E1F-409E-AD96-4253510ABAE8}.Release|Any CPU.Build.0 = Release|Any CPU
		{AA5D4F65-0F3E-4DBE-BFAC-050DBEA5447E}.Debug|Any CPU.ActiveCfg = Debug|Any CPU
		{AA5D4F65-0F3E-4DBE-BFAC-050DBEA5447E}.Debug|Any CPU.Build.0 = Debug|Any CPU
		{AA5D4F65-0F3E-4DBE-BFAC-050DBEA5447E}.Release|Any CPU.ActiveCfg = Release|Any CPU
		{AA5D4F65-0F3E-4DBE-BFAC-050DBEA5447E}.Release|Any CPU.Build.0 = Release|Any CPU
		{AE89F308-F669-4882-9F71-429E64105D22}.Debug|Any CPU.ActiveCfg = Debug|Any CPU
		{AE89F308-F669-4882-9F71-429E64105D22}.Debug|Any CPU.Build.0 = Debug|Any CPU
		{AE89F308-F669-4882-9F71-429E64105D22}.Release|Any CPU.ActiveCfg = Release|Any CPU
		{AE89F308-F669-4882-9F71-429E64105D22}.Release|Any CPU.Build.0 = Release|Any CPU
		{CBFF4051-4DB4-4548-B2E8-2866B9D30886}.Debug|Any CPU.ActiveCfg = Debug|Any CPU
		{CBFF4051-4DB4-4548-B2E8-2866B9D30886}.Debug|Any CPU.Build.0 = Debug|Any CPU
		{CBFF4051-4DB4-4548-B2E8-2866B9D30886}.Release|Any CPU.ActiveCfg = Release|Any CPU
		{CBFF4051-4DB4-4548-B2E8-2866B9D30886}.Release|Any CPU.Build.0 = Release|Any CPU
		{890FDAEC-5C6F-4DA1-9D5F-DC15D0DD9522}.Debug|Any CPU.ActiveCfg = Debug|Any CPU
		{890FDAEC-5C6F-4DA1-9D5F-DC15D0DD9522}.Debug|Any CPU.Build.0 = Debug|Any CPU
		{890FDAEC-5C6F-4DA1-9D5F-DC15D0DD9522}.Release|Any CPU.ActiveCfg = Release|Any CPU
		{890FDAEC-5C6F-4DA1-9D5F-DC15D0DD9522}.Release|Any CPU.Build.0 = Release|Any CPU
	EndGlobalSection
	GlobalSection(SolutionProperties) = preSolution
		HideSolutionNode = FALSE
	EndGlobalSection
EndGlobal
